
Microsoft Visual Studio Solution File, Format Version 12.00
# Visual Studio 15
VisualStudioVersion = 15.0.28307.271
MinimumVisualStudioVersion = 10.0.40219.1
Project("{FAE04EC0-301F-11D3-BF4B-00C04F79EFBC}") = "CreatingWebAPIService", "CreatingWebAPIService\CreatingWebAPIService.csproj", "{53DE3C42-AB17-46C7-84CE-4A70C033DF3F}"
EndProject
Global
	GlobalSection(SolutionConfigurationPlatforms) = preSolution
		Debug|Any CPU = Debug|Any CPU
		Release|Any CPU = Release|Any CPU
	EndGlobalSection
	GlobalSection(ProjectConfigurationPlatforms) = postSolution
		{53DE3C42-AB17-46C7-84CE-4A70C033DF3F}.Debug|Any CPU.ActiveCfg = Debug|Any CPU
		{53DE3C42-AB17-46C7-84CE-4A70C033DF3F}.Debug|Any CPU.Build.0 = Debug|Any CPU
		{53DE3C42-AB17-46C7-84CE-4A70C033DF3F}.Release|Any CPU.ActiveCfg = Release|Any CPU
		{53DE3C42-AB17-46C7-84CE-4A70C033DF3F}.Release|Any CPU.Build.0 = Release|Any CPU
	EndGlobalSection
	GlobalSection(SolutionProperties) = preSolution
		HideSolutionNode = FALSE
	EndGlobalSection
	GlobalSection(ExtensibilityGlobals) = postSolution
		SolutionGuid = {54488FBD-63C0-4B60-8057-FE95BE6EBDA0}
	EndGlobalSection
EndGlobal
